
Microsoft Visual Studio Solution File, Format Version 12.00
# Visual Studio Version 16
VisualStudioVersion = 16.0.29306.81
MinimumVisualStudioVersion = 10.0.40219.1
Project("{FAE04EC0-301F-11D3-BF4B-00C04F79EFBC}") = "Lab6.4", "Lab6.4.csproj", "{EA28F89C-3C5C-4312-AB12-2A2EE53B7BC4}"
EndProject
Global
	GlobalSection(SolutionConfigurationPlatforms) = preSolution
		Debug|Any CPU = Debug|Any CPU
		Release|Any CPU = Release|Any CPU
	EndGlobalSection
	GlobalSection(ProjectConfigurationPlatforms) = postSolution
		{EA28F89C-3C5C-4312-AB12-2A2EE53B7BC4}.Debug|Any CPU.ActiveCfg = Debug|Any CPU
		{EA28F89C-3C5C-4312-AB12-2A2EE53B7BC4}.Debug|Any CPU.Build.0 = Debug|Any CPU
		{EA28F89C-3C5C-4312-AB12-2A2EE53B7BC4}.Release|Any CPU.ActiveCfg = Release|Any CPU
		{EA28F89C-3C5C-4312-AB12-2A2EE53B7BC4}.Release|Any CPU.Build.0 = Release|Any CPU
	EndGlobalSection
	GlobalSection(SolutionProperties) = preSolution
		HideSolutionNode = FALSE
	EndGlobalSection
	GlobalSection(ExtensibilityGlobals) = postSolution
		SolutionGuid = {B8E03FCB-4A73-4AFA-9A11-307A7B8D598A}
	EndGlobalSection
EndGlobal
